
Microsoft Visual Studio Solution File, Format Version 12.00
# Visual Studio Version 18
VisualStudioVersion = 18.3.11512.155 d18.3
MinimumVisualStudioVersion = 10.0.40219.1
Project("{FAE04EC0-301F-11D3-BF4B-00C04F79EFBC}") = "OSMImporter", "OSMImporter.csproj", "{0392B8A2-2823-CA63-F607-C7462396C636}"
EndProject
Global
	GlobalSection(SolutionConfigurationPlatforms) = preSolution
		Debug|Any CPU = Debug|Any CPU
		Release|Any CPU = Release|Any CPU
	EndGlobalSection
	GlobalSection(ProjectConfigurationPlatforms) = postSolution
		{0392B8A2-2823-CA63-F607-C7462396C636}.Debug|Any CPU.ActiveCfg = Debug|Any CPU
		{0392B8A2-2823-CA63-F607-C7462396C636}.Debug|Any CPU.Build.0 = Debug|Any CPU
		{0392B8A2-2823-CA63-F607-C7462396C636}.Release|Any CPU.ActiveCfg = Release|Any CPU
		{0392B8A2-2823-CA63-F607-C7462396C636}.Release|Any CPU.Build.0 = Release|Any CPU
	EndGlobalSection
	GlobalSection(SolutionProperties) = preSolution
		HideSolutionNode = FALSE
	EndGlobalSection
	GlobalSection(ExtensibilityGlobals) = postSolution
		SolutionGuid = {8348FD00-458C-4DE2-86F6-EAC18656A04F}
	EndGlobalSection
EndGlobal
